
Microsoft Visual Studio Solution File, Format Version 12.00
# Visual Studio 2013
VisualStudioVersion = 12.0.30723.0
MinimumVisualStudioVersion = 10.0.40219.1
Project("{FAE04EC0-301F-11D3-BF4B-00C04F79EFBC}") = "Mobat", "Mobat\Mobat.csproj", "{045711E5-F706-427B-892B-ED11742FA845}"
EndProject
Project("{FAE04EC0-301F-11D3-BF4B-00C04F79EFBC}") = "Mobat.Data", "Mobat.Data\Mobat.Data.csproj", "{21151DF0-D670-4E20-AFDC-4281900F8F4F}"
EndProject
Project("{FAE04EC0-301F-11D3-BF4B-00C04F79EFBC}") = "Mobat.Data.Model", "Mobat.Data.Model\Mobat.Data.Model.csproj", "{946F678F-5F68-444E-AB90-CB35C228B9D7}"
EndProject
Global
	GlobalSection(TeamFoundationVersionControl) = preSolution
		SccNumberOfProjects = 4
		SccEnterpriseProvider = {4CA58AB2-18FA-4F8D-95D4-32DDF27D184C}
		SccTeamFoundationServer = https://docodo19.visualstudio.com/defaultcollection
		SccLocalPath0 = .
		SccProjectUniqueName1 = Mobat.Data.Model\\Mobat.Data.Model.csproj
		SccProjectName1 = Mobat.Data.Model
		SccLocalPath1 = Mobat.Data.Model
		SccProjectUniqueName2 = Mobat.Data\\Mobat.Data.csproj
		SccProjectName2 = Mobat.Data
		SccLocalPath2 = Mobat.Data
		SccProjectUniqueName3 = Mobat\\Mobat.csproj
		SccProjectName3 = Mobat
		SccLocalPath3 = Mobat
	EndGlobalSection
	GlobalSection(SolutionConfigurationPlatforms) = preSolution
		Debug|Any CPU = Debug|Any CPU
		Release|Any CPU = Release|Any CPU
	EndGlobalSection
	GlobalSection(ProjectConfigurationPlatforms) = postSolution
		{045711E5-F706-427B-892B-ED11742FA845}.Debug|Any CPU.ActiveCfg = Debug|Any CPU
		{045711E5-F706-427B-892B-ED11742FA845}.Debug|Any CPU.Build.0 = Debug|Any CPU
		{045711E5-F706-427B-892B-ED11742FA845}.Release|Any CPU.ActiveCfg = Release|Any CPU
		{045711E5-F706-427B-892B-ED11742FA845}.Release|Any CPU.Build.0 = Release|Any CPU
		{21151DF0-D670-4E20-AFDC-4281900F8F4F}.Debug|Any CPU.ActiveCfg = Debug|Any CPU
		{21151DF0-D670-4E20-AFDC-4281900F8F4F}.Debug|Any CPU.Build.0 = Debug|Any CPU
		{21151DF0-D670-4E20-AFDC-4281900F8F4F}.Release|Any CPU.ActiveCfg = Release|Any CPU
		{21151DF0-D670-4E20-AFDC-4281900F8F4F}.Release|Any CPU.Build.0 = Release|Any CPU
		{946F678F-5F68-444E-AB90-CB35C228B9D7}.Debug|Any CPU.ActiveCfg = Debug|Any CPU
		{946F678F-5F68-444E-AB90-CB35C228B9D7}.Debug|Any CPU.Build.0 = Debug|Any CPU
		{946F678F-5F68-444E-AB90-CB35C228B9D7}.Release|Any CPU.ActiveCfg = Release|Any CPU
		{946F678F-5F68-444E-AB90-CB35C228B9D7}.Release|Any CPU.Build.0 = Release|Any CPU
	EndGlobalSection
	GlobalSection(SolutionProperties) = preSolution
		HideSolutionNode = FALSE
	EndGlobalSection
EndGlobal
